
Microsoft Visual Studio Solution File, Format Version 12.00
# Visual Studio 15
VisualStudioVersion = 15.0.28307.271
MinimumVisualStudioVersion = 10.0.40219.1
Project("{9A19103F-16F7-4668-BE54-9A1E7A4F7556}") = "Microsoft.Teams.Apps.CrowdSourcer", "Microsoft.Teams.Apps.CrowdSourcer\Microsoft.Teams.Apps.CrowdSourcer.csproj", "{FBE5A0B8-15F7-4690-B3DD-0232D78EA69A}"
EndProject
Project("{9A19103F-16F7-4668-BE54-9A1E7A4F7556}") = "Microsoft.Teams.Apps.CrowdSourcer.Common", "Microsoft.Teams.Apps.CrowdSourcer.Common\Microsoft.Teams.Apps.CrowdSourcer.Common.csproj", "{D23095AD-1E36-4157-AB9D-BE2EC3824614}"
EndProject
Project("{9A19103F-16F7-4668-BE54-9A1E7A4F7556}") = "Microsoft.Teams.Apps.CrowdSourcer.AzureFunction", "Microsoft.Teams.Apps.CrowdSourcer.AzureFunction\Microsoft.Teams.Apps.CrowdSourcer.AzureFunction.csproj", "{424829C3-5ABA-4924-88B1-8401F09D5952}"
EndProject
Global
	GlobalSection(SolutionConfigurationPlatforms) = preSolution
		Debug|Any CPU = Debug|Any CPU
		Release|Any CPU = Release|Any CPU
	EndGlobalSection
	GlobalSection(ProjectConfigurationPlatforms) = postSolution
		{FBE5A0B8-15F7-4690-B3DD-0232D78EA69A}.Debug|Any CPU.ActiveCfg = Debug|Any CPU
		{FBE5A0B8-15F7-4690-B3DD-0232D78EA69A}.Debug|Any CPU.Build.0 = Debug|Any CPU
		{FBE5A0B8-15F7-4690-B3DD-0232D78EA69A}.Release|Any CPU.ActiveCfg = Release|Any CPU
		{FBE5A0B8-15F7-4690-B3DD-0232D78EA69A}.Release|Any CPU.Build.0 = Release|Any CPU
		{D23095AD-1E36-4157-AB9D-BE2EC3824614}.Debug|Any CPU.ActiveCfg = Debug|Any CPU
		{D23095AD-1E36-4157-AB9D-BE2EC3824614}.Debug|Any CPU.Build.0 = Debug|Any CPU
		{D23095AD-1E36-4157-AB9D-BE2EC3824614}.Release|Any CPU.ActiveCfg = Release|Any CPU
		{D23095AD-1E36-4157-AB9D-BE2EC3824614}.Release|Any CPU.Build.0 = Release|Any CPU
		{424829C3-5ABA-4924-88B1-8401F09D5952}.Debug|Any CPU.ActiveCfg = Debug|Any CPU
		{424829C3-5ABA-4924-88B1-8401F09D5952}.Debug|Any CPU.Build.0 = Debug|Any CPU
		{424829C3-5ABA-4924-88B1-8401F09D5952}.Release|Any CPU.ActiveCfg = Release|Any CPU
		{424829C3-5ABA-4924-88B1-8401F09D5952}.Release|Any CPU.Build.0 = Release|Any CPU
	EndGlobalSection
	GlobalSection(SolutionProperties) = preSolution
		HideSolutionNode = FALSE
	EndGlobalSection
	GlobalSection(ExtensibilityGlobals) = postSolution
		SolutionGuid = {4B541E64-2E78-439D-8967-ADFA4E6E3869}
	EndGlobalSection
EndGlobal
